
Microsoft Visual Studio Solution File, Format Version 12.00
# Visual Studio 14
VisualStudioVersion = 14.0.24720.0
MinimumVisualStudioVersion = 10.0.40219.1
Project("{FAE04EC0-301F-11D3-BF4B-00C04F79EFBC}") = "Core", "Sources\Core\Core.csproj", "{631AC093-430F-45F4-BA0C-AF0F0405918A}"
EndProject
Project("{FAE04EC0-301F-11D3-BF4B-00C04F79EFBC}") = "Controls", "Sources\Controls\Controls.csproj", "{4CCA6844-9102-4A3B-8148-EA3D359B2586}"
	ProjectSection(ProjectDependencies) = postProject
		{631AC093-430F-45F4-BA0C-AF0F0405918A} = {631AC093-430F-45F4-BA0C-AF0F0405918A}
		{C6A8B9AE-0749-41C7-8FF9-02C156696F45} = {C6A8B9AE-0749-41C7-8FF9-02C156696F45}
		{809725DC-6502-4732-A51C-DEB7FEA12975} = {809725DC-6502-4732-A51C-DEB7FEA12975}
	EndProjectSection
EndProject
Project("{FAE04EC0-301F-11D3-BF4B-00C04F79EFBC}") = "Fuzzy", "Sources\Fuzzy\Fuzzy.csproj", "{B631038F-E12C-4D0D-8B25-FF7F62FE62D1}"
	ProjectSection(ProjectDependencies) = postProject
		{631AC093-430F-45F4-BA0C-AF0F0405918A} = {631AC093-430F-45F4-BA0C-AF0F0405918A}
	EndProjectSection
EndProject
Project("{FAE04EC0-301F-11D3-BF4B-00C04F79EFBC}") = "Genetic", "Sources\Genetic\Genetic.csproj", "{2EFAA327-1789-4438-B9F5-E83ACAE12DB2}"
	ProjectSection(ProjectDependencies) = postProject
		{C0FAF524-72E4-46F7-8C1B-A6B74DEC5EBE} = {C0FAF524-72E4-46F7-8C1B-A6B74DEC5EBE}
		{631AC093-430F-45F4-BA0C-AF0F0405918A} = {631AC093-430F-45F4-BA0C-AF0F0405918A}
	EndProjectSection
EndProject
Project("{FAE04EC0-301F-11D3-BF4B-00C04F79EFBC}") = "Imaging.Formats", "Sources\Imaging.Formats\Imaging.Formats.csproj", "{50050BA8-B739-4931-8DBA-D77A031537FF}"
EndProject
Project("{FAE04EC0-301F-11D3-BF4B-00C04F79EFBC}") = "MachineLearning", "Sources\MachineLearning\MachineLearning.csproj", "{D42A814D-E178-48D0-9125-ED20151B2E45}"
EndProject
Project("{FAE04EC0-301F-11D3-BF4B-00C04F79EFBC}") = "Math", "Sources\Math\Math.csproj", "{C0FAF524-72E4-46F7-8C1B-A6B74DEC5EBE}"
	ProjectSection(ProjectDependencies) = postProject
		{631AC093-430F-45F4-BA0C-AF0F0405918A} = {631AC093-430F-45F4-BA0C-AF0F0405918A}
	EndProjectSection
EndProject
Project("{FAE04EC0-301F-11D3-BF4B-00C04F79EFBC}") = "Neuro", "Sources\Neuro\Neuro.csproj", "{02B5E453-2085-4E41-86D9-C8E8A03FB1B9}"
	ProjectSection(ProjectDependencies) = postProject
		{C0FAF524-72E4-46F7-8C1B-A6B74DEC5EBE} = {C0FAF524-72E4-46F7-8C1B-A6B74DEC5EBE}
		{2EFAA327-1789-4438-B9F5-E83ACAE12DB2} = {2EFAA327-1789-4438-B9F5-E83ACAE12DB2}
		{631AC093-430F-45F4-BA0C-AF0F0405918A} = {631AC093-430F-45F4-BA0C-AF0F0405918A}
	EndProjectSection
EndProject
Project("{FAE04EC0-301F-11D3-BF4B-00C04F79EFBC}") = "Lego", "Sources\Robotics.Lego\Lego.csproj", "{F56FE364-ABAE-44B3-A939-900EB994FB9B}"
EndProject
Project("{FAE04EC0-301F-11D3-BF4B-00C04F79EFBC}") = "Video", "Sources\Video\Video.csproj", "{809725DC-6502-4732-A51C-DEB7FEA12975}"
	ProjectSection(ProjectDependencies) = postProject
		{631AC093-430F-45F4-BA0C-AF0F0405918A} = {631AC093-430F-45F4-BA0C-AF0F0405918A}
	EndProjectSection
EndProject
Project("{FAE04EC0-301F-11D3-BF4B-00C04F79EFBC}") = "Video.DirectShow", "Sources\Video.DirectShow\Video.DirectShow.csproj", "{26CD2CE7-FF63-4669-83B0-7D9C8F3408EE}"
	ProjectSection(ProjectDependencies) = postProject
		{809725DC-6502-4732-A51C-DEB7FEA12975} = {809725DC-6502-4732-A51C-DEB7FEA12975}
	EndProjectSection
EndProject
Project("{FAE04EC0-301F-11D3-BF4B-00C04F79EFBC}") = "Video.VFW", "Sources\Video.VFW\Video.VFW.csproj", "{22E852C0-17FF-4106-9DF6-41EABB8C0613}"
	ProjectSection(ProjectDependencies) = postProject
		{631AC093-430F-45F4-BA0C-AF0F0405918A} = {631AC093-430F-45F4-BA0C-AF0F0405918A}
		{26CD2CE7-FF63-4669-83B0-7D9C8F3408EE} = {26CD2CE7-FF63-4669-83B0-7D9C8F3408EE}
	EndProjectSection
EndProject
Project("{FAE04EC0-301F-11D3-BF4B-00C04F79EFBC}") = "Vision", "Sources\Vision\Vision.csproj", "{B99CBE2E-BAAD-45D5-8A84-CAA6A2286C0B}"
	ProjectSection(ProjectDependencies) = postProject
		{631AC093-430F-45F4-BA0C-AF0F0405918A} = {631AC093-430F-45F4-BA0C-AF0F0405918A}
		{C6A8B9AE-0749-41C7-8FF9-02C156696F45} = {C6A8B9AE-0749-41C7-8FF9-02C156696F45}
	EndProjectSection
EndProject
Project("{FAE04EC0-301F-11D3-BF4B-00C04F79EFBC}") = "Robotics.Surveyor", "Sources\Robotics.Surveyor\Robotics.Surveyor.csproj", "{3D9EFCF7-61CD-49DD-9300-9F9C993FB37B}"
	ProjectSection(ProjectDependencies) = postProject
		{631AC093-430F-45F4-BA0C-AF0F0405918A} = {631AC093-430F-45F4-BA0C-AF0F0405918A}
		{809725DC-6502-4732-A51C-DEB7FEA12975} = {809725DC-6502-4732-A51C-DEB7FEA12975}
	EndProjectSection
EndProject
Project("{FAE04EC0-301F-11D3-BF4B-00C04F79EFBC}") = "Video.Kinect", "Sources\Video.Kinect\Video.Kinect.csproj", "{9DA8E727-4038-4E6B-90BD-853730FDFA49}"
	ProjectSection(ProjectDependencies) = postProject
		{631AC093-430F-45F4-BA0C-AF0F0405918A} = {631AC093-430F-45F4-BA0C-AF0F0405918A}
		{C6A8B9AE-0749-41C7-8FF9-02C156696F45} = {C6A8B9AE-0749-41C7-8FF9-02C156696F45}
		{809725DC-6502-4732-A51C-DEB7FEA12975} = {809725DC-6502-4732-A51C-DEB7FEA12975}
	EndProjectSection
EndProject
Project("{FAE04EC0-301F-11D3-BF4B-00C04F79EFBC}") = "Video.Ximea", "Sources\Video.Ximea\Video.Ximea.csproj", "{AEDD6CFB-747B-4077-9288-9CD2A86090F1}"
	ProjectSection(ProjectDependencies) = postProject
		{631AC093-430F-45F4-BA0C-AF0F0405918A} = {631AC093-430F-45F4-BA0C-AF0F0405918A}
		{809725DC-6502-4732-A51C-DEB7FEA12975} = {809725DC-6502-4732-A51C-DEB7FEA12975}
	EndProjectSection
EndProject
Project("{FAE04EC0-301F-11D3-BF4B-00C04F79EFBC}") = "Imaging", "Sources\Imaging\Imaging.csproj", "{C6A8B9AE-0749-41C7-8FF9-02C156696F45}"
EndProject
Project("{2150E333-8FDC-42A3-9474-1A3956D46DE8}") = "Sources", "Sources", "{8168ECCE-7127-4D78-AF98-E3F58B0C0A90}"
EndProject
Project("{2150E333-8FDC-42A3-9474-1A3956D46DE8}") = "Tests", "Tests", "{A6DB870B-D84D-47CE-A2CD-5D894EF0B30A}"
EndProject
Project("{FAE04EC0-301F-11D3-BF4B-00C04F79EFBC}") = "AForge.Imaging.Tests", "Tests\AForge.Imaging.Tests\AForge.Imaging.Tests.csproj", "{3EA887E3-9B7A-4661-953A-40F461DA671B}"
EndProject
Project("{FAE04EC0-301F-11D3-BF4B-00C04F79EFBC}") = "AForge.Math.Tests", "Tests\AForge.Math.Tests\AForge.Math.Tests.csproj", "{6B1E196F-7C23-4E0D-A7E1-603E0F11727C}"
EndProject
Project("{FAE04EC0-301F-11D3-BF4B-00C04F79EFBC}") = "AForge.Tests", "Tests\AForge.Tests\AForge.Tests.csproj", "{3A81E2E6-FDAE-495D-AEAE-EFA260C751DB}"
EndProject
Project("{8BC9CEB8-8B4A-11D0-8D11-00A0C91BC942}") = "Video.FFMPEG", "Sources\Video.FFMPEG\Video.FFMPEG.vcxproj", "{66CE3CBF-5037-4E25-873F-CF1B97273B07}"
EndProject
Global
	GlobalSection(SolutionConfigurationPlatforms) = preSolution
		Debug Complete|Any CPU = Debug Complete|Any CPU
		Debug Complete|x64 = Debug Complete|x64
		Debug Complete|x86 = Debug Complete|x86
		Debug|Any CPU = Debug|Any CPU
		Debug|x64 = Debug|x64
		Debug|x86 = Debug|x86
		Release Complete|Any CPU = Release Complete|Any CPU
		Release Complete|x64 = Release Complete|x64
		Release Complete|x86 = Release Complete|x86
		Release|Any CPU = Release|Any CPU
		Release|x64 = Release|x64
		Release|x86 = Release|x86
	EndGlobalSection
	GlobalSection(ProjectConfigurationPlatforms) = postSolution
		{631AC093-430F-45F4-BA0C-AF0F0405918A}.Debug Complete|Any CPU.ActiveCfg = Debug|Any CPU
		{631AC093-430F-45F4-BA0C-AF0F0405918A}.Debug Complete|Any CPU.Build.0 = Debug|Any CPU
		{631AC093-430F-45F4-BA0C-AF0F0405918A}.Debug Complete|x64.ActiveCfg = Debug|Any CPU
		{631AC093-430F-45F4-BA0C-AF0F0405918A}.Debug Complete|x64.Build.0 = Debug|Any CPU
		{631AC093-430F-45F4-BA0C-AF0F0405918A}.Debug Complete|x86.ActiveCfg = Debug|Any CPU
		{631AC093-430F-45F4-BA0C-AF0F0405918A}.Debug Complete|x86.Build.0 = Debug|Any CPU
		{631AC093-430F-45F4-BA0C-AF0F0405918A}.Debug|Any CPU.ActiveCfg = Debug|Any CPU
		{631AC093-430F-45F4-BA0C-AF0F0405918A}.Debug|Any CPU.Build.0 = Debug|Any CPU
		{631AC093-430F-45F4-BA0C-AF0F0405918A}.Debug|x64.ActiveCfg = Debug|Any CPU
		{631AC093-430F-45F4-BA0C-AF0F0405918A}.Debug|x64.Build.0 = Debug|Any CPU
		{631AC093-430F-45F4-BA0C-AF0F0405918A}.Debug|x86.ActiveCfg = Debug|Any CPU
		{631AC093-430F-45F4-BA0C-AF0F0405918A}.Debug|x86.Build.0 = Debug|Any CPU
		{631AC093-430F-45F4-BA0C-AF0F0405918A}.Release Complete|Any CPU.ActiveCfg = Release|Any CPU
		{631AC093-430F-45F4-BA0C-AF0F0405918A}.Release Complete|Any CPU.Build.0 = Release|Any CPU
		{631AC093-430F-45F4-BA0C-AF0F0405918A}.Release Complete|x64.ActiveCfg = Release|Any CPU
		{631AC093-430F-45F4-BA0C-AF0F0405918A}.Release Complete|x64.Build.0 = Release|Any CPU
		{631AC093-430F-45F4-BA0C-AF0F0405918A}.Release Complete|x86.ActiveCfg = Release|Any CPU
		{631AC093-430F-45F4-BA0C-AF0F0405918A}.Release Complete|x86.Build.0 = Release|Any CPU
		{631AC093-430F-45F4-BA0C-AF0F0405918A}.Release|Any CPU.ActiveCfg = Release|Any CPU
		{631AC093-430F-45F4-BA0C-AF0F0405918A}.Release|Any CPU.Build.0 = Release|Any CPU
		{631AC093-430F-45F4-BA0C-AF0F0405918A}.Release|x64.ActiveCfg = Release|Any CPU
		{631AC093-430F-45F4-BA0C-AF0F0405918A}.Release|x64.Build.0 = Release|Any CPU
		{631AC093-430F-45F4-BA0C-AF0F0405918A}.Release|x86.ActiveCfg = Release|Any CPU
		{631AC093-430F-45F4-BA0C-AF0F0405918A}.Release|x86.Build.0 = Release|Any CPU
		{4CCA6844-9102-4A3B-8148-EA3D359B2586}.Debug Complete|Any CPU.ActiveCfg = Debug|Any CPU
		{4CCA6844-9102-4A3B-8148-EA3D359B2586}.Debug Complete|Any CPU.Build.0 = Debug|Any CPU
		{4CCA6844-9102-4A3B-8148-EA3D359B2586}.Debug Complete|x64.ActiveCfg = Debug|Any CPU
		{4CCA6844-9102-4A3B-8148-EA3D359B2586}.Debug Complete|x64.Build.0 = Debug|Any CPU
		{4CCA6844-9102-4A3B-8148-EA3D359B2586}.Debug Complete|x86.ActiveCfg = Debug|Any CPU
		{4CCA6844-9102-4A3B-8148-EA3D359B2586}.Debug Complete|x86.Build.0 = Debug|Any CPU
		{4CCA6844-9102-4A3B-8148-EA3D359B2586}.Debug|Any CPU.ActiveCfg = Debug|Any CPU
		{4CCA6844-9102-4A3B-8148-EA3D359B2586}.Debug|Any CPU.Build.0 = Debug|Any CPU
		{4CCA6844-9102-4A3B-8148-EA3D359B2586}.Debug|x64.ActiveCfg = Debug|Any CPU
		{4CCA6844-9102-4A3B-8148-EA3D359B2586}.Debug|x64.Build.0 = Debug|Any CPU
		{4CCA6844-9102-4A3B-8148-EA3D359B2586}.Debug|x86.ActiveCfg = Debug|Any CPU
		{4CCA6844-9102-4A3B-8148-EA3D359B2586}.Debug|x86.Build.0 = Debug|Any CPU
		{4CCA6844-9102-4A3B-8148-EA3D359B2586}.Release Complete|Any CPU.ActiveCfg = Release|Any CPU
		{4CCA6844-9102-4A3B-8148-EA3D359B2586}.Release Complete|Any CPU.Build.0 = Release|Any CPU
		{4CCA6844-9102-4A3B-8148-EA3D359B2586}.Release Complete|x64.ActiveCfg = Release|Any CPU
		{4CCA6844-9102-4A3B-8148-EA3D359B2586}.Release Complete|x64.Build.0 = Release|Any CPU
		{4CCA6844-9102-4A3B-8148-EA3D359B2586}.Release Complete|x86.ActiveCfg = Release|Any CPU
		{4CCA6844-9102-4A3B-8148-EA3D359B2586}.Release Complete|x86.Build.0 = Release|Any CPU
		{4CCA6844-9102-4A3B-8148-EA3D359B2586}.Release|Any CPU.ActiveCfg = Release|Any CPU
		{4CCA6844-9102-4A3B-8148-EA3D359B2586}.Release|Any CPU.Build.0 = Release|Any CPU
		{4CCA6844-9102-4A3B-8148-EA3D359B2586}.Release|x64.ActiveCfg = Release|Any CPU
		{4CCA6844-9102-4A3B-8148-EA3D359B2586}.Release|x64.Build.0 = Release|Any CPU
		{4CCA6844-9102-4A3B-8148-EA3D359B2586}.Release|x86.ActiveCfg = Release|Any CPU
		{4CCA6844-9102-4A3B-8148-EA3D359B2586}.Release|x86.Build.0 = Release|Any CPU
		{B631038F-E12C-4D0D-8B25-FF7F62FE62D1}.Debug Complete|Any CPU.ActiveCfg = Debug|Any CPU
		{B631038F-E12C-4D0D-8B25-FF7F62FE62D1}.Debug Complete|Any CPU.Build.0 = Debug|Any CPU
		{B631038F-E12C-4D0D-8B25-FF7F62FE62D1}.Debug Complete|x64.ActiveCfg = Debug|Any CPU
		{B631038F-E12C-4D0D-8B25-FF7F62FE62D1}.Debug Complete|x64.Build.0 = Debug|Any CPU
		{B631038F-E12C-4D0D-8B25-FF7F62FE62D1}.Debug Complete|x86.ActiveCfg = Debug|Any CPU
		{B631038F-E12C-4D0D-8B25-FF7F62FE62D1}.Debug Complete|x86.Build.0 = Debug|Any CPU
		{B631038F-E12C-4D0D-8B25-FF7F62FE62D1}.Debug|Any CPU.ActiveCfg = Debug|Any CPU
		{B631038F-E12C-4D0D-8B25-FF7F62FE62D1}.Debug|Any CPU.Build.0 = Debug|Any CPU
		{B631038F-E12C-4D0D-8B25-FF7F62FE62D1}.Debug|x64.ActiveCfg = Debug|Any CPU
		{B631038F-E12C-4D0D-8B25-FF7F62FE62D1}.Debug|x64.Build.0 = Debug|Any CPU
		{B631038F-E12C-4D0D-8B25-FF7F62FE62D1}.Debug|x86.ActiveCfg = Debug|Any CPU
		{B631038F-E12C-4D0D-8B25-FF7F62FE62D1}.Debug|x86.Build.0 = Debug|Any CPU
		{B631038F-E12C-4D0D-8B25-FF7F62FE62D1}.Release Complete|Any CPU.ActiveCfg = Release|Any CPU
		{B631038F-E12C-4D0D-8B25-FF7F62FE62D1}.Release Complete|Any CPU.Build.0 = Release|Any CPU
		{B631038F-E12C-4D0D-8B25-FF7F62FE62D1}.Release Complete|x64.ActiveCfg = Release|Any CPU
		{B631038F-E12C-4D0D-8B25-FF7F62FE62D1}.Release Complete|x64.Build.0 = Release|Any CPU
		{B631038F-E12C-4D0D-8B25-FF7F62FE62D1}.Release Complete|x86.ActiveCfg = Release|Any CPU
		{B631038F-E12C-4D0D-8B25-FF7F62FE62D1}.Release Complete|x86.Build.0 = Release|Any CPU
		{B631038F-E12C-4D0D-8B25-FF7F62FE62D1}.Release|Any CPU.ActiveCfg = Release|Any CPU
		{B631038F-E12C-4D0D-8B25-FF7F62FE62D1}.Release|Any CPU.Build.0 = Release|Any CPU
		{B631038F-E12C-4D0D-8B25-FF7F62FE62D1}.Release|x64.ActiveCfg = Release|Any CPU
		{B631038F-E12C-4D0D-8B25-FF7F62FE62D1}.Release|x64.Build.0 = Release|Any CPU
		{B631038F-E12C-4D0D-8B25-FF7F62FE62D1}.Release|x86.ActiveCfg = Release|Any CPU
		{B631038F-E12C-4D0D-8B25-FF7F62FE62D1}.Release|x86.Build.0 = Release|Any CPU
		{2EFAA327-1789-4438-B9F5-E83ACAE12DB2}.Debug Complete|Any CPU.ActiveCfg = Debug|Any CPU
		{2EFAA327-1789-4438-B9F5-E83ACAE12DB2}.Debug Complete|Any CPU.Build.0 = Debug|Any CPU
		{2EFAA327-1789-4438-B9F5-E83ACAE12DB2}.Debug Complete|x64.ActiveCfg = Debug|Any CPU
		{2EFAA327-1789-4438-B9F5-E83ACAE12DB2}.Debug Complete|x64.Build.0 = Debug|Any CPU
		{2EFAA327-1789-4438-B9F5-E83ACAE12DB2}.Debug Complete|x86.ActiveCfg = Debug|Any CPU
		{2EFAA327-1789-4438-B9F5-E83ACAE12DB2}.Debug Complete|x86.Build.0 = Debug|Any CPU
		{2EFAA327-1789-4438-B9F5-E83ACAE12DB2}.Debug|Any CPU.ActiveCfg = Debug|Any CPU
		{2EFAA327-1789-4438-B9F5-E83ACAE12DB2}.Debug|Any CPU.Build.0 = Debug|Any CPU
		{2EFAA327-1789-4438-B9F5-E83ACAE12DB2}.Debug|x64.ActiveCfg = Debug|Any CPU
		{2EFAA327-1789-4438-B9F5-E83ACAE12DB2}.Debug|x64.Build.0 = Debug|Any CPU
		{2EFAA327-1789-4438-B9F5-E83ACAE12DB2}.Debug|x86.ActiveCfg = Debug|Any CPU
		{2EFAA327-1789-4438-B9F5-E83ACAE12DB2}.Debug|x86.Build.0 = Debug|Any CPU
		{2EFAA327-1789-4438-B9F5-E83ACAE12DB2}.Release Complete|Any CPU.ActiveCfg = Release|Any CPU
		{2EFAA327-1789-4438-B9F5-E83ACAE12DB2}.Release Complete|Any CPU.Build.0 = Release|Any CPU
		{2EFAA327-1789-4438-B9F5-E83ACAE12DB2}.Release Complete|x64.ActiveCfg = Release|Any CPU
		{2EFAA327-1789-4438-B9F5-E83ACAE12DB2}.Release Complete|x64.Build.0 = Release|Any CPU
		{2EFAA327-1789-4438-B9F5-E83ACAE12DB2}.Release Complete|x86.ActiveCfg = Release|Any CPU
		{2EFAA327-1789-4438-B9F5-E83ACAE12DB2}.Release Complete|x86.Build.0 = Release|Any CPU
		{2EFAA327-1789-4438-B9F5-E83ACAE12DB2}.Release|Any CPU.ActiveCfg = Release|Any CPU
		{2EFAA327-1789-4438-B9F5-E83ACAE12DB2}.Release|Any CPU.Build.0 = Release|Any CPU
		{2EFAA327-1789-4438-B9F5-E83ACAE12DB2}.Release|x64.ActiveCfg = Release|Any CPU
		{2EFAA327-1789-4438-B9F5-E83ACAE12DB2}.Release|x64.Build.0 = Release|Any CPU
		{2EFAA327-1789-4438-B9F5-E83ACAE12DB2}.Release|x86.ActiveCfg = Release|Any CPU
		{2EFAA327-1789-4438-B9F5-E83ACAE12DB2}.Release|x86.Build.0 = Release|Any CPU
		{50050BA8-B739-4931-8DBA-D77A031537FF}.Debug Complete|Any CPU.ActiveCfg = Debug|Any CPU
		{50050BA8-B739-4931-8DBA-D77A031537FF}.Debug Complete|Any CPU.Build.0 = Debug|Any CPU
		{50050BA8-B739-4931-8DBA-D77A031537FF}.Debug Complete|x64.ActiveCfg = Debug|Any CPU
		{50050BA8-B739-4931-8DBA-D77A031537FF}.Debug Complete|x64.Build.0 = Debug|Any CPU
		{50050BA8-B739-4931-8DBA-D77A031537FF}.Debug Complete|x86.ActiveCfg = Debug|Any CPU
		{50050BA8-B739-4931-8DBA-D77A031537FF}.Debug Complete|x86.Build.0 = Debug|Any CPU
		{50050BA8-B739-4931-8DBA-D77A031537FF}.Debug|Any CPU.ActiveCfg = Debug|Any CPU
		{50050BA8-B739-4931-8DBA-D77A031537FF}.Debug|Any CPU.Build.0 = Debug|Any CPU
		{50050BA8-B739-4931-8DBA-D77A031537FF}.Debug|x64.ActiveCfg = Debug|Any CPU
		{50050BA8-B739-4931-8DBA-D77A031537FF}.Debug|x64.Build.0 = Debug|Any CPU
		{50050BA8-B739-4931-8DBA-D77A031537FF}.Debug|x86.ActiveCfg = Debug|Any CPU
		{50050BA8-B739-4931-8DBA-D77A031537FF}.Debug|x86.Build.0 = Debug|Any CPU
		{50050BA8-B739-4931-8DBA-D77A031537FF}.Release Complete|Any CPU.ActiveCfg = Release|Any CPU
		{50050BA8-B739-4931-8DBA-D77A031537FF}.Release Complete|Any CPU.Build.0 = Release|Any CPU
		{50050BA8-B739-4931-8DBA-D77A031537FF}.Release Complete|x64.ActiveCfg = Release|Any CPU
		{50050BA8-B739-4931-8DBA-D77A031537FF}.Release Complete|x64.Build.0 = Release|Any CPU
		{50050BA8-B739-4931-8DBA-D77A031537FF}.Release Complete|x86.ActiveCfg = Release|Any CPU
		{50050BA8-B739-4931-8DBA-D77A031537FF}.Release Complete|x86.Build.0 = Release|Any CPU
		{50050BA8-B739-4931-8DBA-D77A031537FF}.Release|Any CPU.ActiveCfg = Release|Any CPU
		{50050BA8-B739-4931-8DBA-D77A031537FF}.Release|Any CPU.Build.0 = Release|Any CPU
		{50050BA8-B739-4931-8DBA-D77A031537FF}.Release|x64.ActiveCfg = Release|Any CPU
		{50050BA8-B739-4931-8DBA-D77A031537FF}.Release|x64.Build.0 = Release|Any CPU
		{50050BA8-B739-4931-8DBA-D77A031537FF}.Release|x86.ActiveCfg = Release|Any CPU
		{50050BA8-B739-4931-8DBA-D77A031537FF}.Release|x86.Build.0 = Release|Any CPU
		{D42A814D-E178-48D0-9125-ED20151B2E45}.Debug Complete|Any CPU.ActiveCfg = Debug|Any CPU
		{D42A814D-E178-48D0-9125-ED20151B2E45}.Debug Complete|Any CPU.Build.0 = Debug|Any CPU
		{D42A814D-E178-48D0-9125-ED20151B2E45}.Debug Complete|x64.ActiveCfg = Debug|Any CPU
		{D42A814D-E178-48D0-9125-ED20151B2E45}.Debug Complete|x64.Build.0 = Debug|Any CPU
		{D42A814D-E178-48D0-9125-ED20151B2E45}.Debug Complete|x86.ActiveCfg = Debug|Any CPU
		{D42A814D-E178-48D0-9125-ED20151B2E45}.Debug Complete|x86.Build.0 = Debug|Any CPU
		{D42A814D-E178-48D0-9125-ED20151B2E45}.Debug|Any CPU.ActiveCfg = Debug|Any CPU
		{D42A814D-E178-48D0-9125-ED20151B2E45}.Debug|Any CPU.Build.0 = Debug|Any CPU
		{D42A814D-E178-48D0-9125-ED20151B2E45}.Debug|x64.ActiveCfg = Debug|Any CPU
		{D42A814D-E178-48D0-9125-ED20151B2E45}.Debug|x64.Build.0 = Debug|Any CPU
		{D42A814D-E178-48D0-9125-ED20151B2E45}.Debug|x86.ActiveCfg = Debug|Any CPU
		{D42A814D-E178-48D0-9125-ED20151B2E45}.Debug|x86.Build.0 = Debug|Any CPU
		{D42A814D-E178-48D0-9125-ED20151B2E45}.Release Complete|Any CPU.ActiveCfg = Release|Any CPU
		{D42A814D-E178-48D0-9125-ED20151B2E45}.Release Complete|Any CPU.Build.0 = Release|Any CPU
		{D42A814D-E178-48D0-9125-ED20151B2E45}.Release Complete|x64.ActiveCfg = Release|Any CPU
		{D42A814D-E178-48D0-9125-ED20151B2E45}.Release Complete|x64.Build.0 = Release|Any CPU
		{D42A814D-E178-48D0-9125-ED20151B2E45}.Release Complete|x86.ActiveCfg = Release|Any CPU
		{D42A814D-E178-48D0-9125-ED20151B2E45}.Release Complete|x86.Build.0 = Release|Any CPU
		{D42A814D-E178-48D0-9125-ED20151B2E45}.Release|Any CPU.ActiveCfg = Release|Any CPU
		{D42A814D-E178-48D0-9125-ED20151B2E45}.Release|Any CPU.Build.0 = Release|Any CPU
		{D42A814D-E178-48D0-9125-ED20151B2E45}.Release|x64.ActiveCfg = Release|Any CPU
		{D42A814D-E178-48D0-9125-ED20151B2E45}.Release|x64.Build.0 = Release|Any CPU
		{D42A814D-E178-48D0-9125-ED20151B2E45}.Release|x86.ActiveCfg = Release|Any CPU
		{D42A814D-E178-48D0-9125-ED20151B2E45}.Release|x86.Build.0 = Release|Any CPU
		{C0FAF524-72E4-46F7-8C1B-A6B74DEC5EBE}.Debug Complete|Any CPU.ActiveCfg = Debug|Any CPU
		{C0FAF524-72E4-46F7-8C1B-A6B74DEC5EBE}.Debug Complete|Any CPU.Build.0 = Debug|Any CPU
		{C0FAF524-72E4-46F7-8C1B-A6B74DEC5EBE}.Debug Complete|x64.ActiveCfg = Debug|Any CPU
		{C0FAF524-72E4-46F7-8C1B-A6B74DEC5EBE}.Debug Complete|x64.Build.0 = Debug|Any CPU
		{C0FAF524-72E4-46F7-8C1B-A6B74DEC5EBE}.Debug Complete|x86.ActiveCfg = Debug|Any CPU
		{C0FAF524-72E4-46F7-8C1B-A6B74DEC5EBE}.Debug Complete|x86.Build.0 = Debug|Any CPU
		{C0FAF524-72E4-46F7-8C1B-A6B74DEC5EBE}.Debug|Any CPU.ActiveCfg = Debug|Any CPU
		{C0FAF524-72E4-46F7-8C1B-A6B74DEC5EBE}.Debug|Any CPU.Build.0 = Debug|Any CPU
		{C0FAF524-72E4-46F7-8C1B-A6B74DEC5EBE}.Debug|x64.ActiveCfg = Debug|Any CPU
		{C0FAF524-72E4-46F7-8C1B-A6B74DEC5EBE}.Debug|x64.Build.0 = Debug|Any CPU
		{C0FAF524-72E4-46F7-8C1B-A6B74DEC5EBE}.Debug|x86.ActiveCfg = Debug|Any CPU
		{C0FAF524-72E4-46F7-8C1B-A6B74DEC5EBE}.Debug|x86.Build.0 = Debug|Any CPU
		{C0FAF524-72E4-46F7-8C1B-A6B74DEC5EBE}.Release Complete|Any CPU.ActiveCfg = Release|Any CPU
		{C0FAF524-72E4-46F7-8C1B-A6B74DEC5EBE}.Release Complete|Any CPU.Build.0 = Release|Any CPU
		{C0FAF524-72E4-46F7-8C1B-A6B74DEC5EBE}.Release Complete|x64.ActiveCfg = Release|Any CPU
		{C0FAF524-72E4-46F7-8C1B-A6B74DEC5EBE}.Release Complete|x64.Build.0 = Release|Any CPU
		{C0FAF524-72E4-46F7-8C1B-A6B74DEC5EBE}.Release Complete|x86.ActiveCfg = Release|Any CPU
		{C0FAF524-72E4-46F7-8C1B-A6B74DEC5EBE}.Release Complete|x86.Build.0 = Release|Any CPU
		{C0FAF524-72E4-46F7-8C1B-A6B74DEC5EBE}.Release|Any CPU.ActiveCfg = Release|Any CPU
		{C0FAF524-72E4-46F7-8C1B-A6B74DEC5EBE}.Release|Any CPU.Build.0 = Release|Any CPU
		{C0FAF524-72E4-46F7-8C1B-A6B74DEC5EBE}.Release|x64.ActiveCfg = Release|Any CPU
		{C0FAF524-72E4-46F7-8C1B-A6B74DEC5EBE}.Release|x64.Build.0 = Release|Any CPU
		{C0FAF524-72E4-46F7-8C1B-A6B74DEC5EBE}.Release|x86.ActiveCfg = Release|Any CPU
		{C0FAF524-72E4-46F7-8C1B-A6B74DEC5EBE}.Release|x86.Build.0 = Release|Any CPU
		{02B5E453-2085-4E41-86D9-C8E8A03FB1B9}.Debug Complete|Any CPU.ActiveCfg = Debug|Any CPU
		{02B5E453-2085-4E41-86D9-C8E8A03FB1B9}.Debug Complete|Any CPU.Build.0 = Debug|Any CPU
		{02B5E453-2085-4E41-86D9-C8E8A03FB1B9}.Debug Complete|x64.ActiveCfg = Debug|Any CPU
		{02B5E453-2085-4E41-86D9-C8E8A03FB1B9}.Debug Complete|x64.Build.0 = Debug|Any CPU
		{02B5E453-2085-4E41-86D9-C8E8A03FB1B9}.Debug Complete|x86.ActiveCfg = Debug|Any CPU
		{02B5E453-2085-4E41-86D9-C8E8A03FB1B9}.Debug Complete|x86.Build.0 = Debug|Any CPU
		{02B5E453-2085-4E41-86D9-C8E8A03FB1B9}.Debug|Any CPU.ActiveCfg = Debug|Any CPU
		{02B5E453-2085-4E41-86D9-C8E8A03FB1B9}.Debug|Any CPU.Build.0 = Debug|Any CPU
		{02B5E453-2085-4E41-86D9-C8E8A03FB1B9}.Debug|x64.ActiveCfg = Debug|Any CPU
		{02B5E453-2085-4E41-86D9-C8E8A03FB1B9}.Debug|x64.Build.0 = Debug|Any CPU
		{02B5E453-2085-4E41-86D9-C8E8A03FB1B9}.Debug|x86.ActiveCfg = Debug|Any CPU
		{02B5E453-2085-4E41-86D9-C8E8A03FB1B9}.Debug|x86.Build.0 = Debug|Any CPU
		{02B5E453-2085-4E41-86D9-C8E8A03FB1B9}.Release Complete|Any CPU.ActiveCfg = Release|Any CPU
		{02B5E453-2085-4E41-86D9-C8E8A03FB1B9}.Release Complete|Any CPU.Build.0 = Release|Any CPU
		{02B5E453-2085-4E41-86D9-C8E8A03FB1B9}.Release Complete|x64.ActiveCfg = Release|Any CPU
		{02B5E453-2085-4E41-86D9-C8E8A03FB1B9}.Release Complete|x64.Build.0 = Release|Any CPU
		{02B5E453-2085-4E41-86D9-C8E8A03FB1B9}.Release Complete|x86.ActiveCfg = Release|Any CPU
		{02B5E453-2085-4E41-86D9-C8E8A03FB1B9}.Release Complete|x86.Build.0 = Release|Any CPU
		{02B5E453-2085-4E41-86D9-C8E8A03FB1B9}.Release|Any CPU.ActiveCfg = Release|Any CPU
		{02B5E453-2085-4E41-86D9-C8E8A03FB1B9}.Release|Any CPU.Build.0 = Release|Any CPU
		{02B5E453-2085-4E41-86D9-C8E8A03FB1B9}.Release|x64.ActiveCfg = Release|Any CPU
		{02B5E453-2085-4E41-86D9-C8E8A03FB1B9}.Release|x64.Build.0 = Release|Any CPU
		{02B5E453-2085-4E41-86D9-C8E8A03FB1B9}.Release|x86.ActiveCfg = Release|Any CPU
		{02B5E453-2085-4E41-86D9-C8E8A03FB1B9}.Release|x86.Build.0 = Release|Any CPU
		{F56FE364-ABAE-44B3-A939-900EB994FB9B}.Debug Complete|Any CPU.ActiveCfg = Debug|Any CPU
		{F56FE364-ABAE-44B3-A939-900EB994FB9B}.Debug Complete|Any CPU.Build.0 = Debug|Any CPU
		{F56FE364-ABAE-44B3-A939-900EB994FB9B}.Debug Complete|x64.ActiveCfg = Debug|Any CPU
		{F56FE364-ABAE-44B3-A939-900EB994FB9B}.Debug Complete|x64.Build.0 = Debug|Any CPU
		{F56FE364-ABAE-44B3-A939-900EB994FB9B}.Debug Complete|x86.ActiveCfg = Debug|Any CPU
		{F56FE364-ABAE-44B3-A939-900EB994FB9B}.Debug Complete|x86.Build.0 = Debug|Any CPU
		{F56FE364-ABAE-44B3-A939-900EB994FB9B}.Debug|Any CPU.ActiveCfg = Debug|Any CPU
		{F56FE364-ABAE-44B3-A939-900EB994FB9B}.Debug|Any CPU.Build.0 = Debug|Any CPU
		{F56FE364-ABAE-44B3-A939-900EB994FB9B}.Debug|x64.ActiveCfg = Debug|Any CPU
		{F56FE364-ABAE-44B3-A939-900EB994FB9B}.Debug|x64.Build.0 = Debug|Any CPU
		{F56FE364-ABAE-44B3-A939-900EB994FB9B}.Debug|x86.ActiveCfg = Debug|Any CPU
		{F56FE364-ABAE-44B3-A939-900EB994FB9B}.Debug|x86.Build.0 = Debug|Any CPU
		{F56FE364-ABAE-44B3-A939-900EB994FB9B}.Release Complete|Any CPU.ActiveCfg = Release|Any CPU
		{F56FE364-ABAE-44B3-A939-900EB994FB9B}.Release Complete|Any CPU.Build.0 = Release|Any CPU
		{F56FE364-ABAE-44B3-A939-900EB994FB9B}.Release Complete|x64.ActiveCfg = Release|Any CPU
		{F56FE364-ABAE-44B3-A939-900EB994FB9B}.Release Complete|x64.Build.0 = Release|Any CPU
		{F56FE364-ABAE-44B3-A939-900EB994FB9B}.Release Complete|x86.ActiveCfg = Release|Any CPU
		{F56FE364-ABAE-44B3-A939-900EB994FB9B}.Release Complete|x86.Build.0 = Release|Any CPU
		{F56FE364-ABAE-44B3-A939-900EB994FB9B}.Release|Any CPU.ActiveCfg = Release|Any CPU
		{F56FE364-ABAE-44B3-A939-900EB994FB9B}.Release|Any CPU.Build.0 = Release|Any CPU
		{F56FE364-ABAE-44B3-A939-900EB994FB9B}.Release|x64.ActiveCfg = Release|Any CPU
		{F56FE364-ABAE-44B3-A939-900EB994FB9B}.Release|x64.Build.0 = Release|Any CPU
		{F56FE364-ABAE-44B3-A939-900EB994FB9B}.Release|x86.ActiveCfg = Release|Any CPU
		{F56FE364-ABAE-44B3-A939-900EB994FB9B}.Release|x86.Build.0 = Release|Any CPU
		{809725DC-6502-4732-A51C-DEB7FEA12975}.Debug Complete|Any CPU.ActiveCfg = Debug|Any CPU
		{809725DC-6502-4732-A51C-DEB7FEA12975}.Debug Complete|Any CPU.Build.0 = Debug|Any CPU
		{809725DC-6502-4732-A51C-DEB7FEA12975}.Debug Complete|x64.ActiveCfg = Debug|Any CPU
		{809725DC-6502-4732-A51C-DEB7FEA12975}.Debug Complete|x64.Build.0 = Debug|Any CPU
		{809725DC-6502-4732-A51C-DEB7FEA12975}.Debug Complete|x86.ActiveCfg = Debug|Any CPU
		{809725DC-6502-4732-A51C-DEB7FEA12975}.Debug Complete|x86.Build.0 = Debug|Any CPU
		{809725DC-6502-4732-A51C-DEB7FEA12975}.Debug|Any CPU.ActiveCfg = Debug|Any CPU
		{809725DC-6502-4732-A51C-DEB7FEA12975}.Debug|Any CPU.Build.0 = Debug|Any CPU
		{809725DC-6502-4732-A51C-DEB7FEA12975}.Debug|x64.ActiveCfg = Debug|Any CPU
		{809725DC-6502-4732-A51C-DEB7FEA12975}.Debug|x64.Build.0 = Debug|Any CPU
		{809725DC-6502-4732-A51C-DEB7FEA12975}.Debug|x86.ActiveCfg = Debug|Any CPU
		{809725DC-6502-4732-A51C-DEB7FEA12975}.Debug|x86.Build.0 = Debug|Any CPU
		{809725DC-6502-4732-A51C-DEB7FEA12975}.Release Complete|Any CPU.ActiveCfg = Release|Any CPU
		{809725DC-6502-4732-A51C-DEB7FEA12975}.Release Complete|Any CPU.Build.0 = Release|Any CPU
		{809725DC-6502-4732-A51C-DEB7FEA12975}.Release Complete|x64.ActiveCfg = Release|Any CPU
		{809725DC-6502-4732-A51C-DEB7FEA12975}.Release Complete|x64.Build.0 = Release|Any CPU
		{809725DC-6502-4732-A51C-DEB7FEA12975}.Release Complete|x86.ActiveCfg = Release|Any CPU
		{809725DC-6502-4732-A51C-DEB7FEA12975}.Release Complete|x86.Build.0 = Release|Any CPU
		{809725DC-6502-4732-A51C-DEB7FEA12975}.Release|Any CPU.ActiveCfg = Release|Any CPU
		{809725DC-6502-4732-A51C-DEB7FEA12975}.Release|Any CPU.Build.0 = Release|Any CPU
		{809725DC-6502-4732-A51C-DEB7FEA12975}.Release|x64.ActiveCfg = Release|Any CPU
		{809725DC-6502-4732-A51C-DEB7FEA12975}.Release|x64.Build.0 = Release|Any CPU
		{809725DC-6502-4732-A51C-DEB7FEA12975}.Release|x86.ActiveCfg = Release|Any CPU
		{809725DC-6502-4732-A51C-DEB7FEA12975}.Release|x86.Build.0 = Release|Any CPU
		{26CD2CE7-FF63-4669-83B0-7D9C8F3408EE}.Debug Complete|Any CPU.ActiveCfg = Debug|Any CPU
		{26CD2CE7-FF63-4669-83B0-7D9C8F3408EE}.Debug Complete|Any CPU.Build.0 = Debug|Any CPU
		{26CD2CE7-FF63-4669-83B0-7D9C8F3408EE}.Debug Complete|x64.ActiveCfg = Debug|Any CPU
		{26CD2CE7-FF63-4669-83B0-7D9C8F3408EE}.Debug Complete|x64.Build.0 = Debug|Any CPU
		{26CD2CE7-FF63-4669-83B0-7D9C8F3408EE}.Debug Complete|x86.ActiveCfg = Debug|Any CPU
		{26CD2CE7-FF63-4669-83B0-7D9C8F3408EE}.Debug Complete|x86.Build.0 = Debug|Any CPU
		{26CD2CE7-FF63-4669-83B0-7D9C8F3408EE}.Debug|Any CPU.ActiveCfg = Debug|Any CPU
		{26CD2CE7-FF63-4669-83B0-7D9C8F3408EE}.Debug|Any CPU.Build.0 = Debug|Any CPU
		{26CD2CE7-FF63-4669-83B0-7D9C8F3408EE}.Debug|x64.ActiveCfg = Debug|Any CPU
		{26CD2CE7-FF63-4669-83B0-7D9C8F3408EE}.Debug|x64.Build.0 = Debug|Any CPU
		{26CD2CE7-FF63-4669-83B0-7D9C8F3408EE}.Debug|x86.ActiveCfg = Debug|Any CPU
		{26CD2CE7-FF63-4669-83B0-7D9C8F3408EE}.Debug|x86.Build.0 = Debug|Any CPU
		{26CD2CE7-FF63-4669-83B0-7D9C8F3408EE}.Release Complete|Any CPU.ActiveCfg = Release|Any CPU
		{26CD2CE7-FF63-4669-83B0-7D9C8F3408EE}.Release Complete|Any CPU.Build.0 = Release|Any CPU
		{26CD2CE7-FF63-4669-83B0-7D9C8F3408EE}.Release Complete|x64.ActiveCfg = Release|Any CPU
		{26CD2CE7-FF63-4669-83B0-7D9C8F3408EE}.Release Complete|x64.Build.0 = Release|Any CPU
		{26CD2CE7-FF63-4669-83B0-7D9C8F3408EE}.Release Complete|x86.ActiveCfg = Release|Any CPU
		{26CD2CE7-FF63-4669-83B0-7D9C8F3408EE}.Release Complete|x86.Build.0 = Release|Any CPU
		{26CD2CE7-FF63-4669-83B0-7D9C8F3408EE}.Release|Any CPU.ActiveCfg = Release|Any CPU
		{26CD2CE7-FF63-4669-83B0-7D9C8F3408EE}.Release|Any CPU.Build.0 = Release|Any CPU
		{26CD2CE7-FF63-4669-83B0-7D9C8F3408EE}.Release|x64.ActiveCfg = Release|Any CPU
		{26CD2CE7-FF63-4669-83B0-7D9C8F3408EE}.Release|x64.Build.0 = Release|Any CPU
		{26CD2CE7-FF63-4669-83B0-7D9C8F3408EE}.Release|x86.ActiveCfg = Release|Any CPU
		{26CD2CE7-FF63-4669-83B0-7D9C8F3408EE}.Release|x86.Build.0 = Release|Any CPU
		{22E852C0-17FF-4106-9DF6-41EABB8C0613}.Debug Complete|Any CPU.ActiveCfg = Debug|Any CPU
		{22E852C0-17FF-4106-9DF6-41EABB8C0613}.Debug Complete|Any CPU.Build.0 = Debug|Any CPU
		{22E852C0-17FF-4106-9DF6-41EABB8C0613}.Debug Complete|x64.ActiveCfg = Debug|Any CPU
		{22E852C0-17FF-4106-9DF6-41EABB8C0613}.Debug Complete|x64.Build.0 = Debug|Any CPU
		{22E852C0-17FF-4106-9DF6-41EABB8C0613}.Debug Complete|x86.ActiveCfg = Debug|Any CPU
		{22E852C0-17FF-4106-9DF6-41EABB8C0613}.Debug Complete|x86.Build.0 = Debug|Any CPU
		{22E852C0-17FF-4106-9DF6-41EABB8C0613}.Debug|Any CPU.ActiveCfg = Debug|Any CPU
		{22E852C0-17FF-4106-9DF6-41EABB8C0613}.Debug|Any CPU.Build.0 = Debug|Any CPU
		{22E852C0-17FF-4106-9DF6-41EABB8C0613}.Debug|x64.ActiveCfg = Debug|Any CPU
		{22E852C0-17FF-4106-9DF6-41EABB8C0613}.Debug|x64.Build.0 = Debug|Any CPU
		{22E852C0-17FF-4106-9DF6-41EABB8C0613}.Debug|x86.ActiveCfg = Debug|Any CPU
		{22E852C0-17FF-4106-9DF6-41EABB8C0613}.Debug|x86.Build.0 = Debug|Any CPU
		{22E852C0-17FF-4106-9DF6-41EABB8C0613}.Release Complete|Any CPU.ActiveCfg = Release|Any CPU
		{22E852C0-17FF-4106-9DF6-41EABB8C0613}.Release Complete|Any CPU.Build.0 = Release|Any CPU
		{22E852C0-17FF-4106-9DF6-41EABB8C0613}.Release Complete|x64.ActiveCfg = Release|Any CPU
		{22E852C0-17FF-4106-9DF6-41EABB8C0613}.Release Complete|x64.Build.0 = Release|Any CPU
		{22E852C0-17FF-4106-9DF6-41EABB8C0613}.Release Complete|x86.ActiveCfg = Release|Any CPU
		{22E852C0-17FF-4106-9DF6-41EABB8C0613}.Release Complete|x86.Build.0 = Release|Any CPU
		{22E852C0-17FF-4106-9DF6-41EABB8C0613}.Release|Any CPU.ActiveCfg = Release|Any CPU
		{22E852C0-17FF-4106-9DF6-41EABB8C0613}.Release|Any CPU.Build.0 = Release|Any CPU
		{22E852C0-17FF-4106-9DF6-41EABB8C0613}.Release|x64.ActiveCfg = Release|Any CPU
		{22E852C0-17FF-4106-9DF6-41EABB8C0613}.Release|x64.Build.0 = Release|Any CPU
		{22E852C0-17FF-4106-9DF6-41EABB8C0613}.Release|x86.ActiveCfg = Release|Any CPU
		{22E852C0-17FF-4106-9DF6-41EABB8C0613}.Release|x86.Build.0 = Release|Any CPU
		{B99CBE2E-BAAD-45D5-8A84-CAA6A2286C0B}.Debug Complete|Any CPU.ActiveCfg = Debug|Any CPU
		{B99CBE2E-BAAD-45D5-8A84-CAA6A2286C0B}.Debug Complete|Any CPU.Build.0 = Debug|Any CPU
		{B99CBE2E-BAAD-45D5-8A84-CAA6A2286C0B}.Debug Complete|x64.ActiveCfg = Debug|Any CPU
		{B99CBE2E-BAAD-45D5-8A84-CAA6A2286C0B}.Debug Complete|x64.Build.0 = Debug|Any CPU
		{B99CBE2E-BAAD-45D5-8A84-CAA6A2286C0B}.Debug Complete|x86.ActiveCfg = Debug|Any CPU
		{B99CBE2E-BAAD-45D5-8A84-CAA6A2286C0B}.Debug Complete|x86.Build.0 = Debug|Any CPU
		{B99CBE2E-BAAD-45D5-8A84-CAA6A2286C0B}.Debug|Any CPU.ActiveCfg = Debug|Any CPU
		{B99CBE2E-BAAD-45D5-8A84-CAA6A2286C0B}.Debug|Any CPU.Build.0 = Debug|Any CPU
		{B99CBE2E-BAAD-45D5-8A84-CAA6A2286C0B}.Debug|x64.ActiveCfg = Debug|Any CPU
		{B99CBE2E-BAAD-45D5-8A84-CAA6A2286C0B}.Debug|x64.Build.0 = Debug|Any CPU
		{B99CBE2E-BAAD-45D5-8A84-CAA6A2286C0B}.Debug|x86.ActiveCfg = Debug|Any CPU
		{B99CBE2E-BAAD-45D5-8A84-CAA6A2286C0B}.Debug|x86.Build.0 = Debug|Any CPU
		{B99CBE2E-BAAD-45D5-8A84-CAA6A2286C0B}.Release Complete|Any CPU.ActiveCfg = Release|Any CPU
		{B99CBE2E-BAAD-45D5-8A84-CAA6A2286C0B}.Release Complete|Any CPU.Build.0 = Release|Any CPU
		{B99CBE2E-BAAD-45D5-8A84-CAA6A2286C0B}.Release Complete|x64.ActiveCfg = Release|Any CPU
		{B99CBE2E-BAAD-45D5-8A84-CAA6A2286C0B}.Release Complete|x64.Build.0 = Release|Any CPU
		{B99CBE2E-BAAD-45D5-8A84-CAA6A2286C0B}.Release Complete|x86.ActiveCfg = Release|Any CPU
		{B99CBE2E-BAAD-45D5-8A84-CAA6A2286C0B}.Release Complete|x86.Build.0 = Release|Any CPU
		{B99CBE2E-BAAD-45D5-8A84-CAA6A2286C0B}.Release|Any CPU.ActiveCfg = Release|Any CPU
		{B99CBE2E-BAAD-45D5-8A84-CAA6A2286C0B}.Release|Any CPU.Build.0 = Release|Any CPU
		{B99CBE2E-BAAD-45D5-8A84-CAA6A2286C0B}.Release|x64.ActiveCfg = Release|Any CPU
		{B99CBE2E-BAAD-45D5-8A84-CAA6A2286C0B}.Release|x64.Build.0 = Release|Any CPU
		{B99CBE2E-BAAD-45D5-8A84-CAA6A2286C0B}.Release|x86.ActiveCfg = Release|Any CPU
		{B99CBE2E-BAAD-45D5-8A84-CAA6A2286C0B}.Release|x86.Build.0 = Release|Any CPU
		{3D9EFCF7-61CD-49DD-9300-9F9C993FB37B}.Debug Complete|Any CPU.ActiveCfg = Debug|Any CPU
		{3D9EFCF7-61CD-49DD-9300-9F9C993FB37B}.Debug Complete|Any CPU.Build.0 = Debug|Any CPU
		{3D9EFCF7-61CD-49DD-9300-9F9C993FB37B}.Debug Complete|x64.ActiveCfg = Debug|Any CPU
		{3D9EFCF7-61CD-49DD-9300-9F9C993FB37B}.Debug Complete|x64.Build.0 = Debug|Any CPU
		{3D9EFCF7-61CD-49DD-9300-9F9C993FB37B}.Debug Complete|x86.ActiveCfg = Debug|Any CPU
		{3D9EFCF7-61CD-49DD-9300-9F9C993FB37B}.Debug Complete|x86.Build.0 = Debug|Any CPU
		{3D9EFCF7-61CD-49DD-9300-9F9C993FB37B}.Debug|Any CPU.ActiveCfg = Debug|Any CPU
		{3D9EFCF7-61CD-49DD-9300-9F9C993FB37B}.Debug|Any CPU.Build.0 = Debug|Any CPU
		{3D9EFCF7-61CD-49DD-9300-9F9C993FB37B}.Debug|x64.ActiveCfg = Debug|Any CPU
		{3D9EFCF7-61CD-49DD-9300-9F9C993FB37B}.Debug|x64.Build.0 = Debug|Any CPU
		{3D9EFCF7-61CD-49DD-9300-9F9C993FB37B}.Debug|x86.ActiveCfg = Debug|Any CPU
		{3D9EFCF7-61CD-49DD-9300-9F9C993FB37B}.Debug|x86.Build.0 = Debug|Any CPU
		{3D9EFCF7-61CD-49DD-9300-9F9C993FB37B}.Release Complete|Any CPU.ActiveCfg = Release|Any CPU
		{3D9EFCF7-61CD-49DD-9300-9F9C993FB37B}.Release Complete|Any CPU.Build.0 = Release|Any CPU
		{3D9EFCF7-61CD-49DD-9300-9F9C993FB37B}.Release Complete|x64.ActiveCfg = Release|Any CPU
		{3D9EFCF7-61CD-49DD-9300-9F9C993FB37B}.Release Complete|x64.Build.0 = Release|Any CPU
		{3D9EFCF7-61CD-49DD-9300-9F9C993FB37B}.Release Complete|x86.ActiveCfg = Release|Any CPU
		{3D9EFCF7-61CD-49DD-9300-9F9C993FB37B}.Release Complete|x86.Build.0 = Release|Any CPU
		{3D9EFCF7-61CD-49DD-9300-9F9C993FB37B}.Release|Any CPU.ActiveCfg = Release|Any CPU
		{3D9EFCF7-61CD-49DD-9300-9F9C993FB37B}.Release|Any CPU.Build.0 = Release|Any CPU
		{3D9EFCF7-61CD-49DD-9300-9F9C993FB37B}.Release|x64.ActiveCfg = Release|Any CPU
		{3D9EFCF7-61CD-49DD-9300-9F9C993FB37B}.Release|x64.Build.0 = Release|Any CPU
		{3D9EFCF7-61CD-49DD-9300-9F9C993FB37B}.Release|x86.ActiveCfg = Release|Any CPU
		{3D9EFCF7-61CD-49DD-9300-9F9C993FB37B}.Release|x86.Build.0 = Release|Any CPU
		{9DA8E727-4038-4E6B-90BD-853730FDFA49}.Debug Complete|Any CPU.ActiveCfg = Debug|Any CPU
		{9DA8E727-4038-4E6B-90BD-853730FDFA49}.Debug Complete|Any CPU.Build.0 = Debug|Any CPU
		{9DA8E727-4038-4E6B-90BD-853730FDFA49}.Debug Complete|x64.ActiveCfg = Debug|Any CPU
		{9DA8E727-4038-4E6B-90BD-853730FDFA49}.Debug Complete|x64.Build.0 = Debug|Any CPU
		{9DA8E727-4038-4E6B-90BD-853730FDFA49}.Debug Complete|x86.ActiveCfg = Debug|Any CPU
		{9DA8E727-4038-4E6B-90BD-853730FDFA49}.Debug Complete|x86.Build.0 = Debug|Any CPU
		{9DA8E727-4038-4E6B-90BD-853730FDFA49}.Debug|Any CPU.ActiveCfg = Debug|Any CPU
		{9DA8E727-4038-4E6B-90BD-853730FDFA49}.Debug|Any CPU.Build.0 = Debug|Any CPU
		{9DA8E727-4038-4E6B-90BD-853730FDFA49}.Debug|x64.ActiveCfg = Debug|Any CPU
		{9DA8E727-4038-4E6B-90BD-853730FDFA49}.Debug|x64.Build.0 = Debug|Any CPU
		{9DA8E727-4038-4E6B-90BD-853730FDFA49}.Debug|x86.ActiveCfg = Debug|Any CPU
		{9DA8E727-4038-4E6B-90BD-853730FDFA49}.Debug|x86.Build.0 = Debug|Any CPU
		{9DA8E727-4038-4E6B-90BD-853730FDFA49}.Release Complete|Any CPU.ActiveCfg = Release|Any CPU
		{9DA8E727-4038-4E6B-90BD-853730FDFA49}.Release Complete|Any CPU.Build.0 = Release|Any CPU
		{9DA8E727-4038-4E6B-90BD-853730FDFA49}.Release Complete|x64.ActiveCfg = Release|Any CPU
		{9DA8E727-4038-4E6B-90BD-853730FDFA49}.Release Complete|x64.Build.0 = Release|Any CPU
		{9DA8E727-4038-4E6B-90BD-853730FDFA49}.Release Complete|x86.ActiveCfg = Release|Any CPU
		{9DA8E727-4038-4E6B-90BD-853730FDFA49}.Release Complete|x86.Build.0 = Release|Any CPU
		{9DA8E727-4038-4E6B-90BD-853730FDFA49}.Release|Any CPU.ActiveCfg = Release|Any CPU
		{9DA8E727-4038-4E6B-90BD-853730FDFA49}.Release|Any CPU.Build.0 = Release|Any CPU
		{9DA8E727-4038-4E6B-90BD-853730FDFA49}.Release|x64.ActiveCfg = Release|Any CPU
		{9DA8E727-4038-4E6B-90BD-853730FDFA49}.Release|x64.Build.0 = Release|Any CPU
		{9DA8E727-4038-4E6B-90BD-853730FDFA49}.Release|x86.ActiveCfg = Release|Any CPU
		{9DA8E727-4038-4E6B-90BD-853730FDFA49}.Release|x86.Build.0 = Release|Any CPU
		{AEDD6CFB-747B-4077-9288-9CD2A86090F1}.Debug Complete|Any CPU.ActiveCfg = Debug|Any CPU
		{AEDD6CFB-747B-4077-9288-9CD2A86090F1}.Debug Complete|Any CPU.Build.0 = Debug|Any CPU
		{AEDD6CFB-747B-4077-9288-9CD2A86090F1}.Debug Complete|x64.ActiveCfg = Debug|Any CPU
		{AEDD6CFB-747B-4077-9288-9CD2A86090F1}.Debug Complete|x64.Build.0 = Debug|Any CPU
		{AEDD6CFB-747B-4077-9288-9CD2A86090F1}.Debug Complete|x86.ActiveCfg = Debug|Any CPU
		{AEDD6CFB-747B-4077-9288-9CD2A86090F1}.Debug Complete|x86.Build.0 = Debug|Any CPU
		{AEDD6CFB-747B-4077-9288-9CD2A86090F1}.Debug|Any CPU.ActiveCfg = Debug|Any CPU
		{AEDD6CFB-747B-4077-9288-9CD2A86090F1}.Debug|Any CPU.Build.0 = Debug|Any CPU
		{AEDD6CFB-747B-4077-9288-9CD2A86090F1}.Debug|x64.ActiveCfg = Debug|Any CPU
		{AEDD6CFB-747B-4077-9288-9CD2A86090F1}.Debug|x64.Build.0 = Debug|Any CPU
		{AEDD6CFB-747B-4077-9288-9CD2A86090F1}.Debug|x86.ActiveCfg = Debug|Any CPU
		{AEDD6CFB-747B-4077-9288-9CD2A86090F1}.Debug|x86.Build.0 = Debug|Any CPU
		{AEDD6CFB-747B-4077-9288-9CD2A86090F1}.Release Complete|Any CPU.ActiveCfg = Release|Any CPU
		{AEDD6CFB-747B-4077-9288-9CD2A86090F1}.Release Complete|Any CPU.Build.0 = Release|Any CPU
		{AEDD6CFB-747B-4077-9288-9CD2A86090F1}.Release Complete|x64.ActiveCfg = Release|Any CPU
		{AEDD6CFB-747B-4077-9288-9CD2A86090F1}.Release Complete|x64.Build.0 = Release|Any CPU
		{AEDD6CFB-747B-4077-9288-9CD2A86090F1}.Release Complete|x86.ActiveCfg = Release|Any CPU
		{AEDD6CFB-747B-4077-9288-9CD2A86090F1}.Release Complete|x86.Build.0 = Release|Any CPU
		{AEDD6CFB-747B-4077-9288-9CD2A86090F1}.Release|Any CPU.ActiveCfg = Release|Any CPU
		{AEDD6CFB-747B-4077-9288-9CD2A86090F1}.Release|Any CPU.Build.0 = Release|Any CPU
		{AEDD6CFB-747B-4077-9288-9CD2A86090F1}.Release|x64.ActiveCfg = Release|Any CPU
		{AEDD6CFB-747B-4077-9288-9CD2A86090F1}.Release|x64.Build.0 = Release|Any CPU
		{AEDD6CFB-747B-4077-9288-9CD2A86090F1}.Release|x86.ActiveCfg = Release|Any CPU
		{AEDD6CFB-747B-4077-9288-9CD2A86090F1}.Release|x86.Build.0 = Release|Any CPU
		{C6A8B9AE-0749-41C7-8FF9-02C156696F45}.Debug Complete|Any CPU.ActiveCfg = Debug|Any CPU
		{C6A8B9AE-0749-41C7-8FF9-02C156696F45}.Debug Complete|Any CPU.Build.0 = Debug|Any CPU
		{C6A8B9AE-0749-41C7-8FF9-02C156696F45}.Debug Complete|x64.ActiveCfg = Debug|Any CPU
		{C6A8B9AE-0749-41C7-8FF9-02C156696F45}.Debug Complete|x64.Build.0 = Debug|Any CPU
		{C6A8B9AE-0749-41C7-8FF9-02C156696F45}.Debug Complete|x86.ActiveCfg = Debug|Any CPU
		{C6A8B9AE-0749-41C7-8FF9-02C156696F45}.Debug Complete|x86.Build.0 = Debug|Any CPU
		{C6A8B9AE-0749-41C7-8FF9-02C156696F45}.Debug|Any CPU.ActiveCfg = Debug|Any CPU
		{C6A8B9AE-0749-41C7-8FF9-02C156696F45}.Debug|Any CPU.Build.0 = Debug|Any CPU
		{C6A8B9AE-0749-41C7-8FF9-02C156696F45}.Debug|x64.ActiveCfg = Debug|Any CPU
		{C6A8B9AE-0749-41C7-8FF9-02C156696F45}.Debug|x64.Build.0 = Debug|Any CPU
		{C6A8B9AE-0749-41C7-8FF9-02C156696F45}.Debug|x86.ActiveCfg = Debug|Any CPU
		{C6A8B9AE-0749-41C7-8FF9-02C156696F45}.Debug|x86.Build.0 = Debug|Any CPU
		{C6A8B9AE-0749-41C7-8FF9-02C156696F45}.Release Complete|Any CPU.ActiveCfg = Release|Any CPU
		{C6A8B9AE-0749-41C7-8FF9-02C156696F45}.Release Complete|Any CPU.Build.0 = Release|Any CPU
		{C6A8B9AE-0749-41C7-8FF9-02C156696F45}.Release Complete|x64.ActiveCfg = Release|Any CPU
		{C6A8B9AE-0749-41C7-8FF9-02C156696F45}.Release Complete|x64.Build.0 = Release|Any CPU
		{C6A8B9AE-0749-41C7-8FF9-02C156696F45}.Release Complete|x86.ActiveCfg = Release|Any CPU
		{C6A8B9AE-0749-41C7-8FF9-02C156696F45}.Release Complete|x86.Build.0 = Release|Any CPU
		{C6A8B9AE-0749-41C7-8FF9-02C156696F45}.Release|Any CPU.ActiveCfg = Release|Any CPU
		{C6A8B9AE-0749-41C7-8FF9-02C156696F45}.Release|Any CPU.Build.0 = Release|Any CPU
		{C6A8B9AE-0749-41C7-8FF9-02C156696F45}.Release|x64.ActiveCfg = Release|Any CPU
		{C6A8B9AE-0749-41C7-8FF9-02C156696F45}.Release|x64.Build.0 = Release|Any CPU
		{C6A8B9AE-0749-41C7-8FF9-02C156696F45}.Release|x86.ActiveCfg = Release|Any CPU
		{C6A8B9AE-0749-41C7-8FF9-02C156696F45}.Release|x86.Build.0 = Release|Any CPU
		{3EA887E3-9B7A-4661-953A-40F461DA671B}.Debug Complete|Any CPU.ActiveCfg = Debug|Any CPU
		{3EA887E3-9B7A-4661-953A-40F461DA671B}.Debug Complete|Any CPU.Build.0 = Debug|Any CPU
		{3EA887E3-9B7A-4661-953A-40F461DA671B}.Debug Complete|x64.ActiveCfg = Debug|Any CPU
		{3EA887E3-9B7A-4661-953A-40F461DA671B}.Debug Complete|x64.Build.0 = Debug|Any CPU
		{3EA887E3-9B7A-4661-953A-40F461DA671B}.Debug Complete|x86.ActiveCfg = Debug|Any CPU
		{3EA887E3-9B7A-4661-953A-40F461DA671B}.Debug Complete|x86.Build.0 = Debug|Any CPU
		{3EA887E3-9B7A-4661-953A-40F461DA671B}.Debug|Any CPU.ActiveCfg = Debug|Any CPU
		{3EA887E3-9B7A-4661-953A-40F461DA671B}.Debug|Any CPU.Build.0 = Debug|Any CPU
		{3EA887E3-9B7A-4661-953A-40F461DA671B}.Debug|x64.ActiveCfg = Debug|Any CPU
		{3EA887E3-9B7A-4661-953A-40F461DA671B}.Debug|x64.Build.0 = Debug|Any CPU
		{3EA887E3-9B7A-4661-953A-40F461DA671B}.Debug|x86.ActiveCfg = Debug|Any CPU
		{3EA887E3-9B7A-4661-953A-40F461DA671B}.Debug|x86.Build.0 = Debug|Any CPU
		{3EA887E3-9B7A-4661-953A-40F461DA671B}.Release Complete|Any CPU.ActiveCfg = Release|Any CPU
		{3EA887E3-9B7A-4661-953A-40F461DA671B}.Release Complete|Any CPU.Build.0 = Release|Any CPU
		{3EA887E3-9B7A-4661-953A-40F461DA671B}.Release Complete|x64.ActiveCfg = Release|Any CPU
		{3EA887E3-9B7A-4661-953A-40F461DA671B}.Release Complete|x64.Build.0 = Release|Any CPU
		{3EA887E3-9B7A-4661-953A-40F461DA671B}.Release Complete|x86.ActiveCfg = Release|Any CPU
		{3EA887E3-9B7A-4661-953A-40F461DA671B}.Release Complete|x86.Build.0 = Release|Any CPU
		{3EA887E3-9B7A-4661-953A-40F461DA671B}.Release|Any CPU.ActiveCfg = Release|Any CPU
		{3EA887E3-9B7A-4661-953A-40F461DA671B}.Release|Any CPU.Build.0 = Release|Any CPU
		{3EA887E3-9B7A-4661-953A-40F461DA671B}.Release|x64.ActiveCfg = Release|Any CPU
		{3EA887E3-9B7A-4661-953A-40F461DA671B}.Release|x64.Build.0 = Release|Any CPU
		{3EA887E3-9B7A-4661-953A-40F461DA671B}.Release|x86.ActiveCfg = Release|Any CPU
		{3EA887E3-9B7A-4661-953A-40F461DA671B}.Release|x86.Build.0 = Release|Any CPU
		{6B1E196F-7C23-4E0D-A7E1-603E0F11727C}.Debug Complete|Any CPU.ActiveCfg = Debug|Any CPU
		{6B1E196F-7C23-4E0D-A7E1-603E0F11727C}.Debug Complete|Any CPU.Build.0 = Debug|Any CPU
		{6B1E196F-7C23-4E0D-A7E1-603E0F11727C}.Debug Complete|x64.ActiveCfg = Debug|Any CPU
		{6B1E196F-7C23-4E0D-A7E1-603E0F11727C}.Debug Complete|x64.Build.0 = Debug|Any CPU
		{6B1E196F-7C23-4E0D-A7E1-603E0F11727C}.Debug Complete|x86.ActiveCfg = Debug|Any CPU
		{6B1E196F-7C23-4E0D-A7E1-603E0F11727C}.Debug Complete|x86.Build.0 = Debug|Any CPU
		{6B1E196F-7C23-4E0D-A7E1-603E0F11727C}.Debug|Any CPU.ActiveCfg = Debug|Any CPU
		{6B1E196F-7C23-4E0D-A7E1-603E0F11727C}.Debug|Any CPU.Build.0 = Debug|Any CPU
		{6B1E196F-7C23-4E0D-A7E1-603E0F11727C}.Debug|x64.ActiveCfg = Debug|Any CPU
		{6B1E196F-7C23-4E0D-A7E1-603E0F11727C}.Debug|x64.Build.0 = Debug|Any CPU
		{6B1E196F-7C23-4E0D-A7E1-603E0F11727C}.Debug|x86.ActiveCfg = Debug|Any CPU
		{6B1E196F-7C23-4E0D-A7E1-603E0F11727C}.Debug|x86.Build.0 = Debug|Any CPU
		{6B1E196F-7C23-4E0D-A7E1-603E0F11727C}.Release Complete|Any CPU.ActiveCfg = Release|Any CPU
		{6B1E196F-7C23-4E0D-A7E1-603E0F11727C}.Release Complete|Any CPU.Build.0 = Release|Any CPU
		{6B1E196F-7C23-4E0D-A7E1-603E0F11727C}.Release Complete|x64.ActiveCfg = Release|Any CPU
		{6B1E196F-7C23-4E0D-A7E1-603E0F11727C}.Release Complete|x64.Build.0 = Release|Any CPU
		{6B1E196F-7C23-4E0D-A7E1-603E0F11727C}.Release Complete|x86.ActiveCfg = Release|Any CPU
		{6B1E196F-7C23-4E0D-A7E1-603E0F11727C}.Release Complete|x86.Build.0 = Release|Any CPU
		{6B1E196F-7C23-4E0D-A7E1-603E0F11727C}.Release|Any CPU.ActiveCfg = Release|Any CPU
		{6B1E196F-7C23-4E0D-A7E1-603E0F11727C}.Release|Any CPU.Build.0 = Release|Any CPU
		{6B1E196F-7C23-4E0D-A7E1-603E0F11727C}.Release|x64.ActiveCfg = Release|Any CPU
		{6B1E196F-7C23-4E0D-A7E1-603E0F11727C}.Release|x64.Build.0 = Release|Any CPU
		{6B1E196F-7C23-4E0D-A7E1-603E0F11727C}.Release|x86.ActiveCfg = Release|Any CPU
		{6B1E196F-7C23-4E0D-A7E1-603E0F11727C}.Release|x86.Build.0 = Release|Any CPU
		{3A81E2E6-FDAE-495D-AEAE-EFA260C751DB}.Debug Complete|Any CPU.ActiveCfg = Debug|Any CPU
		{3A81E2E6-FDAE-495D-AEAE-EFA260C751DB}.Debug Complete|Any CPU.Build.0 = Debug|Any CPU
		{3A81E2E6-FDAE-495D-AEAE-EFA260C751DB}.Debug Complete|x64.ActiveCfg = Debug|Any CPU
		{3A81E2E6-FDAE-495D-AEAE-EFA260C751DB}.Debug Complete|x64.Build.0 = Debug|Any CPU
		{3A81E2E6-FDAE-495D-AEAE-EFA260C751DB}.Debug Complete|x86.ActiveCfg = Debug|Any CPU
		{3A81E2E6-FDAE-495D-AEAE-EFA260C751DB}.Debug Complete|x86.Build.0 = Debug|Any CPU
		{3A81E2E6-FDAE-495D-AEAE-EFA260C751DB}.Debug|Any CPU.ActiveCfg = Debug|Any CPU
		{3A81E2E6-FDAE-495D-AEAE-EFA260C751DB}.Debug|Any CPU.Build.0 = Debug|Any CPU
		{3A81E2E6-FDAE-495D-AEAE-EFA260C751DB}.Debug|x64.ActiveCfg = Debug|Any CPU
		{3A81E2E6-FDAE-495D-AEAE-EFA260C751DB}.Debug|x64.Build.0 = Debug|Any CPU
		{3A81E2E6-FDAE-495D-AEAE-EFA260C751DB}.Debug|x86.ActiveCfg = Debug|Any CPU
		{3A81E2E6-FDAE-495D-AEAE-EFA260C751DB}.Debug|x86.Build.0 = Debug|Any CPU
		{3A81E2E6-FDAE-495D-AEAE-EFA260C751DB}.Release Complete|Any CPU.ActiveCfg = Release|Any CPU
		{3A81E2E6-FDAE-495D-AEAE-EFA260C751DB}.Release Complete|Any CPU.Build.0 = Release|Any CPU
		{3A81E2E6-FDAE-495D-AEAE-EFA260C751DB}.Release Complete|x64.ActiveCfg = Release|Any CPU
		{3A81E2E6-FDAE-495D-AEAE-EFA260C751DB}.Release Complete|x64.Build.0 = Release|Any CPU
		{3A81E2E6-FDAE-495D-AEAE-EFA260C751DB}.Release Complete|x86.ActiveCfg = Release|Any CPU
		{3A81E2E6-FDAE-495D-AEAE-EFA260C751DB}.Release Complete|x86.Build.0 = Release|Any CPU
		{3A81E2E6-FDAE-495D-AEAE-EFA260C751DB}.Release|Any CPU.ActiveCfg = Release|Any CPU
		{3A81E2E6-FDAE-495D-AEAE-EFA260C751DB}.Release|Any CPU.Build.0 = Release|Any CPU
		{3A81E2E6-FDAE-495D-AEAE-EFA260C751DB}.Release|x64.ActiveCfg = Release|Any CPU
		{3A81E2E6-FDAE-495D-AEAE-EFA260C751DB}.Release|x64.Build.0 = Release|Any CPU
		{3A81E2E6-FDAE-495D-AEAE-EFA260C751DB}.Release|x86.ActiveCfg = Release|Any CPU
		{3A81E2E6-FDAE-495D-AEAE-EFA260C751DB}.Release|x86.Build.0 = Release|Any CPU
		{66CE3CBF-5037-4E25-873F-CF1B97273B07}.Debug Complete|Any CPU.ActiveCfg = Debug|Win32
		{66CE3CBF-5037-4E25-873F-CF1B97273B07}.Debug Complete|Any CPU.Build.0 = Debug|Win32
		{66CE3CBF-5037-4E25-873F-CF1B97273B07}.Debug Complete|x64.ActiveCfg = Debug|Win32
		{66CE3CBF-5037-4E25-873F-CF1B97273B07}.Debug Complete|x64.Build.0 = Debug|Win32
		{66CE3CBF-5037-4E25-873F-CF1B97273B07}.Debug Complete|x86.ActiveCfg = Debug|Win32
		{66CE3CBF-5037-4E25-873F-CF1B97273B07}.Debug Complete|x86.Build.0 = Debug|Win32
		{66CE3CBF-5037-4E25-873F-CF1B97273B07}.Debug|Any CPU.ActiveCfg = Debug|Win32
		{66CE3CBF-5037-4E25-873F-CF1B97273B07}.Debug|Any CPU.Build.0 = Debug|Win32
		{66CE3CBF-5037-4E25-873F-CF1B97273B07}.Debug|x64.ActiveCfg = Debug|Win32
		{66CE3CBF-5037-4E25-873F-CF1B97273B07}.Debug|x86.ActiveCfg = Debug|Win32
		{66CE3CBF-5037-4E25-873F-CF1B97273B07}.Debug|x86.Build.0 = Debug|Win32
		{66CE3CBF-5037-4E25-873F-CF1B97273B07}.Release Complete|Any CPU.ActiveCfg = Debug|Win32
		{66CE3CBF-5037-4E25-873F-CF1B97273B07}.Release Complete|Any CPU.Build.0 = Debug|Win32
		{66CE3CBF-5037-4E25-873F-CF1B97273B07}.Release Complete|x64.ActiveCfg = Debug|Win32
		{66CE3CBF-5037-4E25-873F-CF1B97273B07}.Release Complete|x64.Build.0 = Debug|Win32
		{66CE3CBF-5037-4E25-873F-CF1B97273B07}.Release Complete|x86.ActiveCfg = Debug|Win32
		{66CE3CBF-5037-4E25-873F-CF1B97273B07}.Release Complete|x86.Build.0 = Debug|Win32
		{66CE3CBF-5037-4E25-873F-CF1B97273B07}.Release|Any CPU.ActiveCfg = Debug|Win32
		{66CE3CBF-5037-4E25-873F-CF1B97273B07}.Release|Any CPU.Build.0 = Debug|Win32
		{66CE3CBF-5037-4E25-873F-CF1B97273B07}.Release|x64.ActiveCfg = Debug|Win32
		{66CE3CBF-5037-4E25-873F-CF1B97273B07}.Release|x64.Build.0 = Debug|Win32
		{66CE3CBF-5037-4E25-873F-CF1B97273B07}.Release|x86.ActiveCfg = Debug|Win32
		{66CE3CBF-5037-4E25-873F-CF1B97273B07}.Release|x86.Build.0 = Debug|Win32
	EndGlobalSection
	GlobalSection(SolutionProperties) = preSolution
		HideSolutionNode = FALSE
	EndGlobalSection
	GlobalSection(NestedProjects) = preSolution
		{631AC093-430F-45F4-BA0C-AF0F0405918A} = {8168ECCE-7127-4D78-AF98-E3F58B0C0A90}
		{4CCA6844-9102-4A3B-8148-EA3D359B2586} = {8168ECCE-7127-4D78-AF98-E3F58B0C0A90}
		{B631038F-E12C-4D0D-8B25-FF7F62FE62D1} = {8168ECCE-7127-4D78-AF98-E3F58B0C0A90}
		{2EFAA327-1789-4438-B9F5-E83ACAE12DB2} = {8168ECCE-7127-4D78-AF98-E3F58B0C0A90}
		{50050BA8-B739-4931-8DBA-D77A031537FF} = {8168ECCE-7127-4D78-AF98-E3F58B0C0A90}
		{D42A814D-E178-48D0-9125-ED20151B2E45} = {8168ECCE-7127-4D78-AF98-E3F58B0C0A90}
		{C0FAF524-72E4-46F7-8C1B-A6B74DEC5EBE} = {8168ECCE-7127-4D78-AF98-E3F58B0C0A90}
		{02B5E453-2085-4E41-86D9-C8E8A03FB1B9} = {8168ECCE-7127-4D78-AF98-E3F58B0C0A90}
		{F56FE364-ABAE-44B3-A939-900EB994FB9B} = {8168ECCE-7127-4D78-AF98-E3F58B0C0A90}
		{809725DC-6502-4732-A51C-DEB7FEA12975} = {8168ECCE-7127-4D78-AF98-E3F58B0C0A90}
		{26CD2CE7-FF63-4669-83B0-7D9C8F3408EE} = {8168ECCE-7127-4D78-AF98-E3F58B0C0A90}
		{22E852C0-17FF-4106-9DF6-41EABB8C0613} = {8168ECCE-7127-4D78-AF98-E3F58B0C0A90}
		{B99CBE2E-BAAD-45D5-8A84-CAA6A2286C0B} = {8168ECCE-7127-4D78-AF98-E3F58B0C0A90}
		{3D9EFCF7-61CD-49DD-9300-9F9C993FB37B} = {8168ECCE-7127-4D78-AF98-E3F58B0C0A90}
		{9DA8E727-4038-4E6B-90BD-853730FDFA49} = {8168ECCE-7127-4D78-AF98-E3F58B0C0A90}
		{AEDD6CFB-747B-4077-9288-9CD2A86090F1} = {8168ECCE-7127-4D78-AF98-E3F58B0C0A90}
		{C6A8B9AE-0749-41C7-8FF9-02C156696F45} = {8168ECCE-7127-4D78-AF98-E3F58B0C0A90}
		{3EA887E3-9B7A-4661-953A-40F461DA671B} = {A6DB870B-D84D-47CE-A2CD-5D894EF0B30A}
		{6B1E196F-7C23-4E0D-A7E1-603E0F11727C} = {A6DB870B-D84D-47CE-A2CD-5D894EF0B30A}
		{3A81E2E6-FDAE-495D-AEAE-EFA260C751DB} = {A6DB870B-D84D-47CE-A2CD-5D894EF0B30A}
		{66CE3CBF-5037-4E25-873F-CF1B97273B07} = {8168ECCE-7127-4D78-AF98-E3F58B0C0A90}
	EndGlobalSection
EndGlobal
